
Microsoft Visual Studio Solution File, Format Version 11.00
# Visual C++ Express 2010
Project("{8BC9CEB8-8B4A-11D0-8D11-00A0C91BC942}") = "COLASS", "COLASS\COLASS.vcxproj", "{11B932E4-4508-4486-AA68-B075B266CC58}"
EndProject
Global
	GlobalSection(SolutionConfigurationPlatforms) = preSolution
		Debug|Win32 = Debug|Win32
		Release|Win32 = Release|Win32
	EndGlobalSection
	GlobalSection(ProjectConfigurationPlatforms) = postSolution
		{11B932E4-4508-4486-AA68-B075B266CC58}.Debug|Win32.ActiveCfg = Debug|Win32
		{11B932E4-4508-4486-AA68-B075B266CC58}.Debug|Win32.Build.0 = Debug|Win32
		{11B932E4-4508-4486-AA68-B075B266CC58}.Release|Win32.ActiveCfg = Release|Win32
		{11B932E4-4508-4486-AA68-B075B266CC58}.Release|Win32.Build.0 = Release|Win32
	EndGlobalSection
	GlobalSection(SolutionProperties) = preSolution
		HideSolutionNode = FALSE
	EndGlobalSection
EndGlobal
